{
  "nodes": {
    "agent-skills": {
      "inputs": {
        "flake-utils": [
          "flake-utils"
        ],
        "mattpocock-skills": "mattpocock-skills",
        "nixpkgs": [
          "nixpkgs"
        ],
        "nput": "nput",
        "stop-slop": "stop-slop"
      },
      "locked": {
        "path": "./nix/agent-skills",
        "type": "path"
      },
      "original": {
        "path": "./nix/agent-skills",
        "type": "path"
      },
      "parent": []
    },
    "denops-shared-server-vim": {
      "flake": false,
      "locked": {
        "lastModified": 1723983550,
        "narHash": "sha256-kJQCBMH/JhmwKDse2GGBRgQaiGlj2Jo4FIsO5V6LnD4=",
        "owner": "airRnot1106",
        "repo": "denops-shared-server.vim",
        "rev": "829a7e7c9d1d534f71f471c3a4a312457ddecb63",
        "type": "github"
      },
      "original": {
        "owner": "airRnot1106",
        "repo": "denops-shared-server.vim",
        "type": "github"
      }
    },
    "denops-vim": {
      "flake": false,
      "locked": {
        "lastModified": 1778798837,
        "narHash": "sha256-z9FadzT6Y7vFLLdpFR/Ti/FVPGwED4uEkiNZZOkSkqU=",
        "owner": "vim-denops",
        "repo": "denops.vim",
        "rev": "e82c5a94ca1154b05c9d74d6f6f58c9991b1424f",
        "type": "github"
      },
      "original": {
        "owner": "vim-denops",
        "repo": "denops.vim",
        "type": "github"
      }
    },
    "dpp": {
      "inputs": {
        "denops-shared-server-vim": "denops-shared-server-vim",
        "denops-vim": "denops-vim",
        "dpp-ext-installer": "dpp-ext-installer",
        "dpp-ext-lazy": "dpp-ext-lazy",
        "dpp-protocol-git": "dpp-protocol-git",
        "dpp-vim": "dpp-vim",
        "flake-utils": [
          "flake-utils"
        ],
        "nixpkgs": [
          "nixpkgs"
        ],
        "nput": "nput_2"
      },
      "locked": {
        "path": "./nix/dpp",
        "type": "path"
      },
      "original": {
        "path": "./nix/dpp",
        "type": "path"
      },
      "parent": []
    },
    "dpp-ext-installer": {
      "flake": false,
      "locked": {
        "lastModified": 1784173521,
        "narHash": "sha256-53hdU2pei+wrdZxfJNP3xmA5L5wCW8LIJkUsoMiF/KU=",
        "owner": "Shougo",
        "repo": "dpp-ext-installer",
        "rev": "c840235f77818c112e7404f6684a2b47d75e39ea",
        "type": "github"
      },
      "original": {
        "owner": "Shougo",
        "repo": "dpp-ext-installer",
        "type": "github"
      }
    },
    "dpp-ext-lazy": {
      "flake": false,
      "locked": {
        "lastModified": 1782620571,
        "narHash": "sha256-KolDRDISsD1HbphvhMkRqe9x8XYcNpXx6qz12LsNHaE=",
        "owner": "Shougo",
        "repo": "dpp-ext-lazy",
        "rev": "456280b3c04993ea883f2fb0aebce37ac8c469d0",
        "type": "github"
      },
      "original": {
        "owner": "Shougo",
        "repo": "dpp-ext-lazy",
        "type": "github"
      }
    },
    "dpp-protocol-git": {
      "flake": false,
      "locked": {
        "lastModified": 1784088333,
        "narHash": "sha256-epg1tkSCuHQH7tttTnnEw1XbrZeL1f5t1ZScvHp1naA=",
        "owner": "Shougo",
        "repo": "dpp-protocol-git",
        "rev": "000f7ca2ad3264d7589e04d6a6c490fb3962185f",
        "type": "github"
      },
      "original": {
        "owner": "Shougo",
        "repo": "dpp-protocol-git",
        "type": "github"
      }
    },
    "dpp-vim": {
      "flake": false,
      "locked": {
        "lastModified": 1783038412,
        "narHash": "sha256-Uar5Rx3JvslO/cEC29BK67hCks847u3619V/o5WDICA=",
        "owner": "Shougo",
        "repo": "dpp.vim",
        "rev": "49d5b20ea962a5abd81c58c2d1f91ceac805a7bc",
        "type": "github"
      },
      "original": {
        "owner": "Shougo",
        "repo": "dpp.vim",
        "type": "github"
      }
    },
    "flake-compat": {
      "flake": false,
      "locked": {
        "lastModified": 1767039857,
        "narHash": "sha256-vNpUSpF5Nuw8xvDLj2KCwwksIbjua2LZCqhV1LNRDns=",
        "owner": "NixOS",
        "repo": "flake-compat",
        "rev": "5edf11c44bc78a0d334f6334cdaf7d60d732daab",
        "type": "github"
      },
      "original": {
        "owner": "NixOS",
        "repo": "flake-compat",
        "type": "github"
      }
    },
    "flake-parts": {
      "inputs": {
        "nixpkgs-lib": [
          "agent-skills",
          "nput",
          "nixpkgs"
        ]
      },
      "locked": {
        "lastModified": 1782949081,
        "narHash": "sha256-vp6Y/Grm98ESt6ceOkWiHWyZRDV3J1RID4w+6NWK9yA=",
        "owner": "hercules-ci",
        "repo": "flake-parts",
        "rev": "17c9d6cdfc60c64f4ee8d306f9bc0b4ccb51481e",
        "type": "github"
      },
      "original": {
        "owner": "hercules-ci",
        "repo": "flake-parts",
        "type": "github"
      }
    },
    "flake-parts_2": {
      "inputs": {
        "nixpkgs-lib": [
          "dpp",
          "nput",
          "nixpkgs"
        ]
      },
      "locked": {
        "lastModified": 1782949081,
        "narHash": "sha256-vp6Y/Grm98ESt6ceOkWiHWyZRDV3J1RID4w+6NWK9yA=",
        "owner": "hercules-ci",
        "repo": "flake-parts",
        "rev": "17c9d6cdfc60c64f4ee8d306f9bc0b4ccb51481e",
        "type": "github"
      },
      "original": {
        "owner": "hercules-ci",
        "repo": "flake-parts",
        "type": "github"
      }
    },
    "flake-utils": {
      "inputs": {
        "systems": "systems"
      },
      "locked": {
        "lastModified": 1731533236,
        "narHash": "sha256-l0KFg5HjrsfsO/JpG+r7fRrqm12kzFHyUHqHCVpMMbI=",
        "owner": "numtide",
        "repo": "flake-utils",
        "rev": "11707dc2f618dd54ca8739b309ec4fc024de578b",
        "type": "github"
      },
      "original": {
        "owner": "numtide",
        "repo": "flake-utils",
        "type": "github"
      }
    },
    "flake-utils_2": {
      "inputs": {
        "systems": "systems_2"
      },
      "locked": {
        "lastModified": 1731533236,
        "narHash": "sha256-l0KFg5HjrsfsO/JpG+r7fRrqm12kzFHyUHqHCVpMMbI=",
        "owner": "numtide",
        "repo": "flake-utils",
        "rev": "11707dc2f618dd54ca8739b309ec4fc024de578b",
        "type": "github"
      },
      "original": {
        "owner": "numtide",
        "repo": "flake-utils",
        "type": "github"
      }
    },
    "flake-utils_3": {
      "inputs": {
        "systems": "systems_3"
      },
      "locked": {
        "lastModified": 1710146030,
        "narHash": "sha256-SZ5L6eA7HJ/nmkzGG7/ISclqe6oZdOZTNoesiInkXPQ=",
        "owner": "numtide",
        "repo": "flake-utils",
        "rev": "b1d9ab70662946ef0850d488da1c9019f3a9752a",
        "type": "github"
      },
      "original": {
        "owner": "numtide",
        "repo": "flake-utils",
        "type": "github"
      }
    },
    "git-hooks": {
      "inputs": {
        "flake-compat": "flake-compat",
        "nixpkgs": [
          "nixpkgs"
        ]
      },
      "locked": {
        "lastModified": 1784288435,
        "narHash": "sha256-ReRHaLgr/uVqdD8afFSn+myXIfpHeOhP0yYe0TJqAA8=",
        "owner": "cachix",
        "repo": "git-hooks.nix",
        "rev": "43b3c1ab9d40fb1dbb008f451988a91e375825e9",
        "type": "github"
      },
      "original": {
        "owner": "cachix",
        "repo": "git-hooks.nix",
        "type": "github"
      }
    },
    "haumea": {
      "inputs": {
        "nixpkgs": [
          "agent-skills",
          "nput",
          "nixpkgs"
        ]
      },
      "locked": {
        "lastModified": 1783288480,
        "narHash": "sha256-H/blql4kDC0HY3ephQO86deTaLt2UfFvhYzZsHTz6pk=",
        "owner": "nix-community",
        "repo": "haumea",
        "rev": "3bc16acb4e17a32fcc04045ff2a4ac56a8cefcf6",
        "type": "github"
      },
      "original": {
        "owner": "nix-community",
        "repo": "haumea",
        "type": "github"
      }
    },
    "haumea_2": {
      "inputs": {
        "nixpkgs": [
          "dpp",
          "nput",
          "nixpkgs"
        ]
      },
      "locked": {
        "lastModified": 1783288480,
        "narHash": "sha256-H/blql4kDC0HY3ephQO86deTaLt2UfFvhYzZsHTz6pk=",
        "owner": "nix-community",
        "repo": "haumea",
        "rev": "3bc16acb4e17a32fcc04045ff2a4ac56a8cefcf6",
        "type": "github"
      },
      "original": {
        "owner": "nix-community",
        "repo": "haumea",
        "type": "github"
      }
    },
    "home-manager": {
      "inputs": {
        "nixpkgs": [
          "agent-skills",
          "nput",
          "nixpkgs"
        ]
      },
      "locked": {
        "lastModified": 1783479733,
        "narHash": "sha256-d/JatqgG+Pmo+IuCTZfnrEAPWU3fdha48GQeXuFO+bE=",
        "owner": "nix-community",
        "repo": "home-manager",
        "rev": "cee3f0e7fec85d80c149c7afc29926747f7bd3c2",
        "type": "github"
      },
      "original": {
        "owner": "nix-community",
        "repo": "home-manager",
        "type": "github"
      }
    },
    "home-manager_2": {
      "inputs": {
        "nixpkgs": [
          "dpp",
          "nput",
          "nixpkgs"
        ]
      },
      "locked": {
        "lastModified": 1783479733,
        "narHash": "sha256-d/JatqgG+Pmo+IuCTZfnrEAPWU3fdha48GQeXuFO+bE=",
        "owner": "nix-community",
        "repo": "home-manager",
        "rev": "cee3f0e7fec85d80c149c7afc29926747f7bd3c2",
        "type": "github"
      },
      "original": {
        "owner": "nix-community",
        "repo": "home-manager",
        "type": "github"
      }
    },
    "kakehashi": {
      "inputs": {
        "flake-utils": "flake-utils_2",
        "nixpkgs": "nixpkgs_3",
        "rust-overlay": "rust-overlay"
      },
      "locked": {
        "lastModified": 1784362767,
        "narHash": "sha256-MmDw14L/J2YncOn3KFWPO++EZcJceY4n3vJd1vSThOo=",
        "owner": "atusy",
        "repo": "kakehashi",
        "rev": "a1278be5fdff24d109d9e03134c6bdb880577f64",
        "type": "github"
      },
      "original": {
        "owner": "atusy",
        "repo": "kakehashi",
        "type": "github"
      }
    },
    "mattpocock-skills": {
      "flake": false,
      "locked": {
        "lastModified": 1783689299,
        "narHash": "sha256-gFPkjrujFAoNXYa0ariPKTj/xBoiCTLUo3X20qrTzRE=",
        "owner": "mattpocock",
        "repo": "skills",
        "rev": "391a2701dd948f94f56a39f7533f8eea9a859c87",
        "type": "github"
      },
      "original": {
        "owner": "mattpocock",
        "repo": "skills",
        "type": "github"
      }
    },
    "mocword": {
      "inputs": {
        "flake-utils": "flake-utils_3",
        "nixpkgs": "nixpkgs_4"
      },
      "locked": {
        "lastModified": 1725877962,
        "narHash": "sha256-gaj8M63spkNRXeOgn+RyJfx+N0DCtXATZ2eycENoV88=",
        "owner": "blyoa",
        "repo": "nix-mocword",
        "rev": "070dc33d8908c30084d06e2d2b0abd1551f8f78b",
        "type": "github"
      },
      "original": {
        "owner": "blyoa",
        "repo": "nix-mocword",
        "type": "github"
      }
    },
    "namaka": {
      "inputs": {
        "haumea": [
          "agent-skills",
          "nput",
          "haumea"
        ],
        "nixpkgs": [
          "agent-skills",
          "nput",
          "nixpkgs"
        ]
      },
      "locked": {
        "lastModified": 1783288541,
        "narHash": "sha256-aDsyjA7Lwi2c5/Yl3oXdJmlFqOleVJAa3sRHx6LAkIg=",
        "owner": "nix-community",
        "repo": "namaka",
        "rev": "f6c17cdc38abdd5dbe38e4f1159182a0afdb8059",
        "type": "github"
      },
      "original": {
        "owner": "nix-community",
        "repo": "namaka",
        "type": "github"
      }
    },
    "namaka_2": {
      "inputs": {
        "haumea": [
          "dpp",
          "nput",
          "haumea"
        ],
        "nixpkgs": [
          "dpp",
          "nput",
          "nixpkgs"
        ]
      },
      "locked": {
        "lastModified": 1783288541,
        "narHash": "sha256-aDsyjA7Lwi2c5/Yl3oXdJmlFqOleVJAa3sRHx6LAkIg=",
        "owner": "nix-community",
        "repo": "namaka",
        "rev": "f6c17cdc38abdd5dbe38e4f1159182a0afdb8059",
        "type": "github"
      },
      "original": {
        "owner": "nix-community",
        "repo": "namaka",
        "type": "github"
      }
    },
    "nix-github-actions": {
      "inputs": {
        "nixpkgs": [
          "agent-skills",
          "nput",
          "nix-unit",
          "nixpkgs"
        ]
      },
      "locked": {
        "lastModified": 1737420293,
        "narHash": "sha256-F1G5ifvqTpJq7fdkT34e/Jy9VCyzd5XfJ9TO8fHhJWE=",
        "owner": "nix-community",
        "repo": "nix-github-actions",
        "rev": "f4158fa080ef4503c8f4c820967d946c2af31ec9",
        "type": "github"
      },
      "original": {
        "owner": "nix-community",
        "repo": "nix-github-actions",
        "type": "github"
      }
    },
    "nix-github-actions_2": {
      "inputs": {
        "nixpkgs": [
          "dpp",
          "nput",
          "nix-unit",
          "nixpkgs"
        ]
      },
      "locked": {
        "lastModified": 1737420293,
        "narHash": "sha256-F1G5ifvqTpJq7fdkT34e/Jy9VCyzd5XfJ9TO8fHhJWE=",
        "owner": "nix-community",
        "repo": "nix-github-actions",
        "rev": "f4158fa080ef4503c8f4c820967d946c2af31ec9",
        "type": "github"
      },
      "original": {
        "owner": "nix-community",
        "repo": "nix-github-actions",
        "type": "github"
      }
    },
    "nix-unit": {
      "inputs": {
        "nix-github-actions": "nix-github-actions",
        "nixpkgs": [
          "agent-skills",
          "nput",
          "nixpkgs"
        ],
        "treefmt-nix": "treefmt-nix"
      },
      "locked": {
        "lastModified": 1779338171,
        "narHash": "sha256-affUbv/bwE8SLGhuWKniDr7SVO+Lo1XEPjCZdyU5kgQ=",
        "owner": "nix-community",
        "repo": "nix-unit",
        "rev": "6ab1f232562a01d18b40d5ed6a58718c4f3a74bc",
        "type": "github"
      },
      "original": {
        "owner": "nix-community",
        "repo": "nix-unit",
        "type": "github"
      }
    },
    "nix-unit_2": {
      "inputs": {
        "nix-github-actions": "nix-github-actions_2",
        "nixpkgs": [
          "dpp",
          "nput",
          "nixpkgs"
        ],
        "treefmt-nix": "treefmt-nix_3"
      },
      "locked": {
        "lastModified": 1779338171,
        "narHash": "sha256-affUbv/bwE8SLGhuWKniDr7SVO+Lo1XEPjCZdyU5kgQ=",
        "owner": "nix-community",
        "repo": "nix-unit",
        "rev": "6ab1f232562a01d18b40d5ed6a58718c4f3a74bc",
        "type": "github"
      },
      "original": {
        "owner": "nix-community",
        "repo": "nix-unit",
        "type": "github"
      }
    },
    "nixpkgs": {
      "locked": {
        "lastModified": 1783224372,
        "narHash": "sha256-8i/87eeoqiGE4yOTjwSA3Eh/ziJRQEmd/unYU+K27sk=",
        "owner": "NixOS",
        "repo": "nixpkgs",
        "rev": "d407951447dcd00442e97087bf374aad70c04cea",
        "type": "github"
      },
      "original": {
        "owner": "NixOS",
        "ref": "nixos-unstable",
        "repo": "nixpkgs",
        "type": "github"
      }
    },
    "nixpkgs_2": {
      "locked": {
        "lastModified": 1783224372,
        "narHash": "sha256-8i/87eeoqiGE4yOTjwSA3Eh/ziJRQEmd/unYU+K27sk=",
        "owner": "NixOS",
        "repo": "nixpkgs",
        "rev": "d407951447dcd00442e97087bf374aad70c04cea",
        "type": "github"
      },
      "original": {
        "owner": "NixOS",
        "ref": "nixos-unstable",
        "repo": "nixpkgs",
        "type": "github"
      }
    },
    "nixpkgs_3": {
      "locked": {
        "lastModified": 1767116409,
        "narHash": "sha256-5vKw92l1GyTnjoLzEagJy5V5mDFck72LiQWZSOnSicw=",
        "owner": "NixOS",
        "repo": "nixpkgs",
        "rev": "cad22e7d996aea55ecab064e84834289143e44a0",
        "type": "github"
      },
      "original": {
        "owner": "NixOS",
        "ref": "nixos-unstable",
        "repo": "nixpkgs",
        "type": "github"
      }
    },
    "nixpkgs_4": {
      "locked": {
        "lastModified": 1725534445,
        "narHash": "sha256-Yd0FK9SkWy+ZPuNqUgmVPXokxDgMJoGuNpMEtkfcf84=",
        "owner": "NixOS",
        "repo": "nixpkgs",
        "rev": "9bb1e7571aadf31ddb4af77fc64b2d59580f9a39",
        "type": "github"
      },
      "original": {
        "owner": "NixOS",
        "ref": "nixpkgs-unstable",
        "repo": "nixpkgs",
        "type": "github"
      }
    },
    "nixpkgs_5": {
      "locked": {
        "lastModified": 1784347607,
        "narHash": "sha256-VI5cdo27nEZ3m1SlgB8RvBbrqFUO2/dUgrrLWe407oA=",
        "owner": "NixOS",
        "repo": "nixpkgs",
        "rev": "31cd72fdba8fa052e437ce7e6879c4fe62def10f",
        "type": "github"
      },
      "original": {
        "owner": "NixOS",
        "ref": "nixpkgs-unstable",
        "repo": "nixpkgs",
        "type": "github"
      }
    },
    "nput": {
      "inputs": {
        "flake-parts": "flake-parts",
        "haumea": "haumea",
        "home-manager": "home-manager",
        "namaka": "namaka",
        "nix-unit": "nix-unit",
        "nixpkgs": "nixpkgs",
        "treefmt-nix": "treefmt-nix_2"
      },
      "locked": {
        "lastModified": 1783521068,
        "narHash": "sha256-S7HmGycbCAdOYbCoMY/30j3vcUCqDSjFb7lcMvDzqaY=",
        "owner": "yasunori0418",
        "repo": "nput",
        "rev": "bb146eaa919e1319150e1ca384ef24c6f351b635",
        "type": "github"
      },
      "original": {
        "owner": "yasunori0418",
        "repo": "nput",
        "type": "github"
      }
    },
    "nput_2": {
      "inputs": {
        "flake-parts": "flake-parts_2",
        "haumea": "haumea_2",
        "home-manager": "home-manager_2",
        "namaka": "namaka_2",
        "nix-unit": "nix-unit_2",
        "nixpkgs": "nixpkgs_2",
        "treefmt-nix": "treefmt-nix_4"
      },
      "locked": {
        "lastModified": 1783871221,
        "narHash": "sha256-8vELZwe3cAQutL8I4HV2pLXlpMRrAw+8cCR1c0/wcHI=",
        "owner": "yasunori0418",
        "repo": "nput",
        "rev": "ee6da8a1b7c050e3c6613ab42ca6b690cb0e9b19",
        "type": "github"
      },
      "original": {
        "owner": "yasunori0418",
        "repo": "nput",
        "type": "github"
      }
    },
    "root": {
      "inputs": {
        "agent-skills": "agent-skills",
        "dpp": "dpp",
        "flake-utils": "flake-utils",
        "git-hooks": "git-hooks",
        "kakehashi": "kakehashi",
        "mocword": "mocword",
        "nixpkgs": "nixpkgs_5",
        "treefmt-nix": "treefmt-nix_5"
      }
    },
    "rust-overlay": {
      "inputs": {
        "nixpkgs": [
          "kakehashi",
          "nixpkgs"
        ]
      },
      "locked": {
        "lastModified": 1767408057,
        "narHash": "sha256-0TD2PNTt6olOonFgcvZJcNGiU3x5cX+RMzrfWfHB9Jw=",
        "owner": "oxalica",
        "repo": "rust-overlay",
        "rev": "294198315a13d6d130565ad08e97685df7b0d458",
        "type": "github"
      },
      "original": {
        "owner": "oxalica",
        "repo": "rust-overlay",
        "type": "github"
      }
    },
    "stop-slop": {
      "flake": false,
      "locked": {
        "lastModified": 1773773436,
        "narHash": "sha256-JMqlCRVEAfwG1TLMDpnamznkBfkmX6e2XyETTTH/TSE=",
        "owner": "hardikpandya",
        "repo": "stop-slop",
        "rev": "8da1f030185bdfe8471220585162991eaeb970e9",
        "type": "github"
      },
      "original": {
        "owner": "hardikpandya",
        "repo": "stop-slop",
        "type": "github"
      }
    },
    "systems": {
      "locked": {
        "lastModified": 1681028828,
        "narHash": "sha256-Vy1rq5AaRuLzOxct8nz4T6wlgyUR7zLU309k9mBC768=",
        "owner": "nix-systems",
        "repo": "default",
        "rev": "da67096a3b9bf56a91d16901293e51ba5b49a27e",
        "type": "github"
      },
      "original": {
        "owner": "nix-systems",
        "repo": "default",
        "type": "github"
      }
    },
    "systems_2": {
      "locked": {
        "lastModified": 1681028828,
        "narHash": "sha256-Vy1rq5AaRuLzOxct8nz4T6wlgyUR7zLU309k9mBC768=",
        "owner": "nix-systems",
        "repo": "default",
        "rev": "da67096a3b9bf56a91d16901293e51ba5b49a27e",
        "type": "github"
      },
      "original": {
        "owner": "nix-systems",
        "repo": "default",
        "type": "github"
      }
    },
    "systems_3": {
      "locked": {
        "lastModified": 1681028828,
        "narHash": "sha256-Vy1rq5AaRuLzOxct8nz4T6wlgyUR7zLU309k9mBC768=",
        "owner": "nix-systems",
        "repo": "default",
        "rev": "da67096a3b9bf56a91d16901293e51ba5b49a27e",
        "type": "github"
      },
      "original": {
        "owner": "nix-systems",
        "repo": "default",
        "type": "github"
      }
    },
    "treefmt-nix": {
      "inputs": {
        "nixpkgs": [
          "agent-skills",
          "nput",
          "nix-unit",
          "nixpkgs"
        ]
      },
      "locked": {
        "lastModified": 1775636079,
        "narHash": "sha256-pc20NRoMdiar8oPQceQT47UUZMBTiMdUuWrYu2obUP0=",
        "owner": "numtide",
        "repo": "treefmt-nix",
        "rev": "790751ff7fd3801feeaf96d7dc416a8d581265ba",
        "type": "github"
      },
      "original": {
        "owner": "numtide",
        "repo": "treefmt-nix",
        "type": "github"
      }
    },
    "treefmt-nix_2": {
      "inputs": {
        "nixpkgs": [
          "agent-skills",
          "nput",
          "nixpkgs"
        ]
      },
      "locked": {
        "lastModified": 1780220602,
        "narHash": "sha256-eynAfOmbmxJnkp7YewvCEbShNnnYJ9gLLqkzsYtBPeM=",
        "owner": "numtide",
        "repo": "treefmt-nix",
        "rev": "db947814a175b7ca6ded66e21383d938df01c227",
        "type": "github"
      },
      "original": {
        "owner": "numtide",
        "repo": "treefmt-nix",
        "type": "github"
      }
    },
    "treefmt-nix_3": {
      "inputs": {
        "nixpkgs": [
          "dpp",
          "nput",
          "nix-unit",
          "nixpkgs"
        ]
      },
      "locked": {
        "lastModified": 1775636079,
        "narHash": "sha256-pc20NRoMdiar8oPQceQT47UUZMBTiMdUuWrYu2obUP0=",
        "owner": "numtide",
        "repo": "treefmt-nix",
        "rev": "790751ff7fd3801feeaf96d7dc416a8d581265ba",
        "type": "github"
      },
      "original": {
        "owner": "numtide",
        "repo": "treefmt-nix",
        "type": "github"
      }
    },
    "treefmt-nix_4": {
      "inputs": {
        "nixpkgs": [
          "dpp",
          "nput",
          "nixpkgs"
        ]
      },
      "locked": {
        "lastModified": 1780220602,
        "narHash": "sha256-eynAfOmbmxJnkp7YewvCEbShNnnYJ9gLLqkzsYtBPeM=",
        "owner": "numtide",
        "repo": "treefmt-nix",
        "rev": "db947814a175b7ca6ded66e21383d938df01c227",
        "type": "github"
      },
      "original": {
        "owner": "numtide",
        "repo": "treefmt-nix",
        "type": "github"
      }
    },
    "treefmt-nix_5": {
      "inputs": {
        "nixpkgs": [
          "nixpkgs"
        ]
      },
      "locked": {
        "lastModified": 1784369104,
        "narHash": "sha256-47cxbcZODibHv3rELFQ9vZly0vUNkND/atn/U7HLeb0=",
        "owner": "numtide",
        "repo": "treefmt-nix",
        "rev": "df3c0640565d04a0261253cdd89fce78ec50168a",
        "type": "github"
      },
      "original": {
        "owner": "numtide",
        "repo": "treefmt-nix",
        "type": "github"
      }
    }
  },
  "root": "root",
  "version": 7
}
